
Microsoft Visual Studio Solution File, Format Version 12.00
# Visual Studio Version 16
VisualStudioVersion = 16.0.29209.62
MinimumVisualStudioVersion = 10.0.40219.1
Project("{FAE04EC0-301F-11D3-BF4B-00C04F79EFBC}") = "BookStore", "BookStore\BookStore.csproj", "{9F282638-A77C-48C5-AD3E-C89859207B82}"
EndProject
Global
	GlobalSection(SolutionConfigurationPlatforms) = preSolution
		Debug|Any CPU = Debug|Any CPU
		Release|Any CPU = Release|Any CPU
	EndGlobalSection
	GlobalSection(ProjectConfigurationPlatforms) = postSolution
		{9F282638-A77C-48C5-AD3E-C89859207B82}.Debug|Any CPU.ActiveCfg = Debug|Any CPU
		{9F282638-A77C-48C5-AD3E-C89859207B82}.Debug|Any CPU.Build.0 = Debug|Any CPU
		{9F282638-A77C-48C5-AD3E-C89859207B82}.Release|Any CPU.ActiveCfg = Release|Any CPU
		{9F282638-A77C-48C5-AD3E-C89859207B82}.Release|Any CPU.Build.0 = Release|Any CPU
	EndGlobalSection
	GlobalSection(SolutionProperties) = preSolution
		HideSolutionNode = FALSE
	EndGlobalSection
	GlobalSection(ExtensibilityGlobals) = postSolution
		SolutionGuid = {3878A8C9-B025-4837-976C-DAB36A9A5EE3}
	EndGlobalSection
EndGlobal
